
Microsoft Visual Studio Solution File, Format Version 12.00
# Visual Studio Version 16
VisualStudioVersion = 16.0.30114.105
MinimumVisualStudioVersion = 10.0.40219.1
Project("{FAE04EC0-301F-11D3-BF4B-00C04F79EFBC}") = "OpenTableChecker.Logic", "OpenTableChecker.Logic\OpenTableChecker.Logic.csproj", "{D34D316E-B9B1-435D-AD80-91173BDE72BC}"
EndProject
Project("{FAE04EC0-301F-11D3-BF4B-00C04F79EFBC}") = "OpenTableChecker.Tests", "OpenTableChecker.Tests\OpenTableChecker.Tests.csproj", "{6F301794-AB6F-45DB-82D0-6E6BE06CDCA8}"
EndProject
Project("{FAE04EC0-301F-11D3-BF4B-00C04F79EFBC}") = "OpenTableChecker.TSGenerator", "OpenTableChecker.TSGenerator\OpenTableChecker.TSGenerator.csproj", "{AAFB3291-1013-4177-BF98-599302A00F1F}"
EndProject
Project("{FAE04EC0-301F-11D3-BF4B-00C04F79EFBC}") = "OpenTableCheckerServer", "OpenTableCheckerServer\OpenTableCheckerServer.csproj", "{4762EBA1-D426-45CE-B08D-49D518B92D36}"
EndProject
Global
	GlobalSection(SolutionConfigurationPlatforms) = preSolution
		Debug|Any CPU = Debug|Any CPU
		Debug|x64 = Debug|x64
		Debug|x86 = Debug|x86
		Release|Any CPU = Release|Any CPU
		Release|x64 = Release|x64
		Release|x86 = Release|x86
	EndGlobalSection
	GlobalSection(SolutionProperties) = preSolution
		HideSolutionNode = FALSE
	EndGlobalSection
	GlobalSection(ProjectConfigurationPlatforms) = postSolution
		{D34D316E-B9B1-435D-AD80-91173BDE72BC}.Debug|Any CPU.ActiveCfg = Debug|Any CPU
		{D34D316E-B9B1-435D-AD80-91173BDE72BC}.Debug|Any CPU.Build.0 = Debug|Any CPU
		{D34D316E-B9B1-435D-AD80-91173BDE72BC}.Debug|x64.ActiveCfg = Debug|Any CPU
		{D34D316E-B9B1-435D-AD80-91173BDE72BC}.Debug|x64.Build.0 = Debug|Any CPU
		{D34D316E-B9B1-435D-AD80-91173BDE72BC}.Debug|x86.ActiveCfg = Debug|Any CPU
		{D34D316E-B9B1-435D-AD80-91173BDE72BC}.Debug|x86.Build.0 = Debug|Any CPU
		{D34D316E-B9B1-435D-AD80-91173BDE72BC}.Release|Any CPU.ActiveCfg = Release|Any CPU
		{D34D316E-B9B1-435D-AD80-91173BDE72BC}.Release|Any CPU.Build.0 = Release|Any CPU
		{D34D316E-B9B1-435D-AD80-91173BDE72BC}.Release|x64.ActiveCfg = Release|Any CPU
		{D34D316E-B9B1-435D-AD80-91173BDE72BC}.Release|x64.Build.0 = Release|Any CPU
		{D34D316E-B9B1-435D-AD80-91173BDE72BC}.Release|x86.ActiveCfg = Release|Any CPU
		{D34D316E-B9B1-435D-AD80-91173BDE72BC}.Release|x86.Build.0 = Release|Any CPU
		{6F301794-AB6F-45DB-82D0-6E6BE06CDCA8}.Debug|Any CPU.ActiveCfg = Debug|Any CPU
		{6F301794-AB6F-45DB-82D0-6E6BE06CDCA8}.Debug|Any CPU.Build.0 = Debug|Any CPU
		{6F301794-AB6F-45DB-82D0-6E6BE06CDCA8}.Debug|x64.ActiveCfg = Debug|Any CPU
		{6F301794-AB6F-45DB-82D0-6E6BE06CDCA8}.Debug|x64.Build.0 = Debug|Any CPU
		{6F301794-AB6F-45DB-82D0-6E6BE06CDCA8}.Debug|x86.ActiveCfg = Debug|Any CPU
		{6F301794-AB6F-45DB-82D0-6E6BE06CDCA8}.Debug|x86.Build.0 = Debug|Any CPU
		{6F301794-AB6F-45DB-82D0-6E6BE06CDCA8}.Release|Any CPU.ActiveCfg = Release|Any CPU
		{6F301794-AB6F-45DB-82D0-6E6BE06CDCA8}.Release|Any CPU.Build.0 = Release|Any CPU
		{6F301794-AB6F-45DB-82D0-6E6BE06CDCA8}.Release|x64.ActiveCfg = Release|Any CPU
		{6F301794-AB6F-45DB-82D0-6E6BE06CDCA8}.Release|x64.Build.0 = Release|Any CPU
		{6F301794-AB6F-45DB-82D0-6E6BE06CDCA8}.Release|x86.ActiveCfg = Release|Any CPU
		{6F301794-AB6F-45DB-82D0-6E6BE06CDCA8}.Release|x86.Build.0 = Release|Any CPU
		{AAFB3291-1013-4177-BF98-599302A00F1F}.Debug|Any CPU.ActiveCfg = Debug|Any CPU
		{AAFB3291-1013-4177-BF98-599302A00F1F}.Debug|Any CPU.Build.0 = Debug|Any CPU
		{AAFB3291-1013-4177-BF98-599302A00F1F}.Debug|x64.ActiveCfg = Debug|Any CPU
		{AAFB3291-1013-4177-BF98-599302A00F1F}.Debug|x64.Build.0 = Debug|Any CPU
		{AAFB3291-1013-4177-BF98-599302A00F1F}.Debug|x86.ActiveCfg = Debug|Any CPU
		{AAFB3291-1013-4177-BF98-599302A00F1F}.Debug|x86.Build.0 = Debug|Any CPU
		{AAFB3291-1013-4177-BF98-599302A00F1F}.Release|Any CPU.ActiveCfg = Release|Any CPU
		{AAFB3291-1013-4177-BF98-599302A00F1F}.Release|Any CPU.Build.0 = Release|Any CPU
		{AAFB3291-1013-4177-BF98-599302A00F1F}.Release|x64.ActiveCfg = Release|Any CPU
		{AAFB3291-1013-4177-BF98-599302A00F1F}.Release|x64.Build.0 = Release|Any CPU
		{AAFB3291-1013-4177-BF98-599302A00F1F}.Release|x86.ActiveCfg = Release|Any CPU
		{AAFB3291-1013-4177-BF98-599302A00F1F}.Release|x86.Build.0 = Release|Any CPU
		{4762EBA1-D426-45CE-B08D-49D518B92D36}.Debug|Any CPU.ActiveCfg = Debug|Any CPU
		{4762EBA1-D426-45CE-B08D-49D518B92D36}.Debug|Any CPU.Build.0 = Debug|Any CPU
		{4762EBA1-D426-45CE-B08D-49D518B92D36}.Debug|x64.ActiveCfg = Debug|Any CPU
		{4762EBA1-D426-45CE-B08D-49D518B92D36}.Debug|x64.Build.0 = Debug|Any CPU
		{4762EBA1-D426-45CE-B08D-49D518B92D36}.Debug|x86.ActiveCfg = Debug|Any CPU
		{4762EBA1-D426-45CE-B08D-49D518B92D36}.Debug|x86.Build.0 = Debug|Any CPU
		{4762EBA1-D426-45CE-B08D-49D518B92D36}.Release|Any CPU.ActiveCfg = Release|Any CPU
		{4762EBA1-D426-45CE-B08D-49D518B92D36}.Release|Any CPU.Build.0 = Release|Any CPU
		{4762EBA1-D426-45CE-B08D-49D518B92D36}.Release|x64.ActiveCfg = Release|Any CPU
		{4762EBA1-D426-45CE-B08D-49D518B92D36}.Release|x64.Build.0 = Release|Any CPU
		{4762EBA1-D426-45CE-B08D-49D518B92D36}.Release|x86.ActiveCfg = Release|Any CPU
		{4762EBA1-D426-45CE-B08D-49D518B92D36}.Release|x86.Build.0 = Release|Any CPU
	EndGlobalSection
EndGlobal
